// !$*UTF8*$!
{
	archiveVersion = 1;
	classes = {
	};
	objectVersion = 51;
	objects = {

/* Begin PBXBuildFile section */
		01ABDE5239F806A9B9465BD5 /* Pods_Swift5WelfareInfoApp02_Swift5WelfareInfoApp02UITests.framework in Frameworks */ = {isa = PBXBuildFile; fileRef = 8CFCA2D96BA6A1A89BA75C0E /* Pods_Swift5WelfareInfoApp02_Swift5WelfareInfoApp02UITests.framework */; };
		8D9B8051259B014900DAE9E3 /* AppDelegate.swift in Sources */ = {isa = PBXBuildFile; fileRef = 8D9B8050259B014900DAE9E3 /* AppDelegate.swift */; };
		8D9B8053259B014900DAE9E3 /* SceneDelegate.swift in Sources */ = {isa = PBXBuildFile; fileRef = 8D9B8052259B014900DAE9E3 /* SceneDelegate.swift */; };
		8D9B8058259B014900DAE9E3 /* Main.storyboard in Resources */ = {isa = PBXBuildFile; fileRef = 8D9B8056259B014900DAE9E3 /* Main.storyboard */; };
		8D9B805A259B014B00DAE9E3 /* Assets.xcassets in Resources */ = {isa = PBXBuildFile; fileRef = 8D9B8059259B014B00DAE9E3 /* Assets.xcassets */; };
		8D9B805D259B014B00DAE9E3 /* LaunchScreen.storyboard in Resources */ = {isa = PBXBuildFile; fileRef = 8D9B805B259B014B00DAE9E3 /* LaunchScreen.storyboard */; };
		8D9B8068259B014B00DAE9E3 /* Swift5WelfareInfoApp02Tests.swift in Sources */ = {isa = PBXBuildFile; fileRef = 8D9B8067259B014B00DAE9E3 /* Swift5WelfareInfoApp02Tests.swift */; };
		8D9B8073259B014B00DAE9E3 /* Swift5WelfareInfoApp02UITests.swift in Sources */ = {isa = PBXBuildFile; fileRef = 8D9B8072259B014B00DAE9E3 /* Swift5WelfareInfoApp02UITests.swift */; };
		8D9B8093259B034C00DAE9E3 /* NewsItems.swift in Sources */ = {isa = PBXBuildFile; fileRef = 8D9B8092259B034C00DAE9E3 /* NewsItems.swift */; };
		8D9B809B259B057100DAE9E3 /* IntroViewController.swift in Sources */ = {isa = PBXBuildFile; fileRef = 8D9B809A259B057100DAE9E3 /* IntroViewController.swift */; };
		CD9EDD16D4EE5A99F251CAE6 /* Pods_Swift5WelfareInfoApp02.framework in Frameworks */ = {isa = PBXBuildFile; fileRef = A6661E0E9D752C098256DB2B /* Pods_Swift5WelfareInfoApp02.framework */; };
		E6980E7516DC36529F834232 /* Pods_Swift5WelfareInfoApp02Tests.framework in Frameworks */ = {isa = PBXBuildFile; fileRef = 60914C6CF50354CA30CA9D85 /* Pods_Swift5WelfareInfoApp02Tests.framework */; };
/* End PBXBuildFile section */

/* Begin PBXContainerItemProxy section */
		8D9B8064259B014B00DAE9E3 /* PBXContainerItemProxy */ = {
			isa = PBXContainerItemProxy;
			containerPortal = 8D9B8045259B014900DAE9E3 /* Project object */;
			proxyType = 1;
			remoteGlobalIDString = 8D9B804C259B014900DAE9E3;
			remoteInfo = Swift5WelfareInfoApp02;
		};
		8D9B806F259B014B00DAE9E3 /* PBXContainerItemProxy */ = {
			isa = PBXContainerItemProxy;
			containerPortal = 8D9B8045259B014900DAE9E3 /* Project object */;
			proxyType = 1;
			remoteGlobalIDString = 8D9B804C259B014900DAE9E3;
			remoteInfo = Swift5WelfareInfoApp02;
		};
/* End PBXContainerItemProxy section */

/* Begin PBXFileReference section */
		0878FD1528506F7AD583F28F /* Pods-Swift5WelfareInfoApp02-Swift5WelfareInfoApp02UITests.debug.xcconfig */ = {isa = PBXFileReference; includeInIndex = 1; lastKnownFileType = text.xcconfig; name = "Pods-Swift5WelfareInfoApp02-Swift5WelfareInfoApp02UITests.debug.xcconfig"; path = "Target Support Files/Pods-Swift5WelfareInfoApp02-Swift5WelfareInfoApp02UITests/Pods-Swift5WelfareInfoApp02-Swift5WelfareInfoApp02UITests.debug.xcconfig"; sourceTree = "<group>"; };
		60914C6CF50354CA30CA9D85 /* Pods_Swift5WelfareInfoApp02Tests.framework */ = {isa = PBXFileReference; explicitFileType = wrapper.framework; includeInIndex = 0; path = Pods_Swift5WelfareInfoApp02Tests.framework; sourceTree = BUILT_PRODUCTS_DIR; };
		8CFCA2D96BA6A1A89BA75C0E /* Pods_Swift5WelfareInfoApp02_Swift5WelfareInfoApp02UITests.framework */ = {isa = PBXFileReference; explicitFileType = wrapper.framework; includeInIndex = 0; path = Pods_Swift5WelfareInfoApp02_Swift5WelfareInfoApp02UITests.framework; sourceTree = BUILT_PRODUCTS_DIR; };
		8D9B804D259B014900DAE9E3 /* Swift5WelfareInfoApp02.app */ = {isa = PBXFileReference; explicitFileType = wrapper.application; includeInIndex = 0; path = Swift5WelfareInfoApp02.app; sourceTree = BUILT_PRODUCTS_DIR; };
		8D9B8050259B014900DAE9E3 /* AppDelegate.swift */ = {isa = PBXFileReference; lastKnownFileType = sourcecode.swift; path = AppDelegate.swift; sourceTree = "<group>"; };
		8D9B8052259B014900DAE9E3 /* SceneDelegate.swift */ = {isa = PBXFileReference; lastKnownFileType = sourcecode.swift; path = SceneDelegate.swift; sourceTree = "<group>"; };
		8D9B8057259B014900DAE9E3 /* Base */ = {isa = PBXFileReference; lastKnownFileType = file.storyboard; name = Base; path = Base.lproj/Main.storyboard; sourceTree = "<group>"; };
		8D9B8059259B014B00DAE9E3 /* Assets.xcassets */ = {isa = PBXFileReference; lastKnownFileType = folder.assetcatalog; path = Assets.xcassets; sourceTree = "<group>"; };
		8D9B805C259B014B00DAE9E3 /* Base */ = {isa = PBXFileReference; lastKnownFileType = file.storyboard; name = Base; path = Base.lproj/LaunchScreen.storyboard; sourceTree = "<group>"; };
		8D9B805E259B014B00DAE9E3 /* Info.plist */ = {isa = PBXFileReference; lastKnownFileType = text.plist.xml; path = Info.plist; sourceTree = "<group>"; };
		8D9B8063259B014B00DAE9E3 /* Swift5WelfareInfoApp02Tests.xctest */ = {isa = PBXFileReference; explicitFileType = wrapper.cfbundle; includeInIndex = 0; path = Swift5WelfareInfoApp02Tests.xctest; sourceTree = BUILT_PRODUCTS_DIR; };
		8D9B8067259B014B00DAE9E3 /* Swift5WelfareInfoApp02Tests.swift */ = {isa = PBXFileReference; lastKnownFileType = sourcecode.swift; path = Swift5WelfareInfoApp02Tests.swift; sourceTree = "<group>"; };
		8D9B8069259B014B00DAE9E3 /* Info.plist */ = {isa = PBXFileReference; lastKnownFileType = text.plist.xml; path = Info.plist; sourceTree = "<group>"; };
		8D9B806E259B014B00DAE9E3 /* Swift5WelfareInfoApp02UITests.xctest */ = {isa = PBXFileReference; explicitFileType = wrapper.cfbundle; includeInIndex = 0; path = Swift5WelfareInfoApp02UITests.xctest; sourceTree = BUILT_PRODUCTS_DIR; };
		8D9B8072259B014B00DAE9E3 /* Swift5WelfareInfoApp02UITests.swift */ = {isa = PBXFileReference; lastKnownFileType = sourcecode.swift; path = Swift5WelfareInfoApp02UITests.swift; sourceTree = "<group>"; };
		8D9B8074259B014B00DAE9E3 /* Info.plist */ = {isa = PBXFileReference; lastKnownFileType = text.plist.xml; path = Info.plist; sourceTree = "<group>"; };
		8D9B8092259B034C00DAE9E3 /* NewsItems.swift */ = {isa = PBXFileReference; lastKnownFileType = sourcecode.swift; path = NewsItems.swift; sourceTree = "<group>"; };
		8D9B809A259B057100DAE9E3 /* IntroViewController.swift */ = {isa = PBXFileReference; lastKnownFileType = sourcecode.swift; path = IntroViewController.swift; sourceTree = "<group>"; };
		8EE1C98840EF0FA3698FE40C /* Pods-Swift5WelfareInfoApp02Tests.release.xcconfig */ = {isa = PBXFileReference; includeInIndex = 1; lastKnownFileType = text.xcconfig; name = "Pods-Swift5WelfareInfoApp02Tests.release.xcconfig"; path = "Target Support Files/Pods-Swift5WelfareInfoApp02Tests/Pods-Swift5WelfareInfoApp02Tests.release.xcconfig"; sourceTree = "<group>"; };
		A6661E0E9D752C098256DB2B /* Pods_Swift5WelfareInfoApp02.framework */ = {isa = PBXFileReference; explicitFileType = wrapper.framework; includeInIndex = 0; path = Pods_Swift5WelfareInfoApp02.framework; sourceTree = BUILT_PRODUCTS_DIR; };
		A888EA8BFF6A9D3E745E4EFC /* Pods-Swift5WelfareInfoApp02.debug.xcconfig */ = {isa = PBXFileReference; includeInIndex = 1; lastKnownFileType = text.xcconfig; name = "Pods-Swift5WelfareInfoApp02.debug.xcconfig"; path = "Target Support Files/Pods-Swift5WelfareInfoApp02/Pods-Swift5WelfareInfoApp02.debug.xcconfig"; sourceTree = "<group>"; };
		B976BDE86CCCEBBD231D30C5 /* Pods-Swift5WelfareInfoApp02Tests.debug.xcconfig */ = {isa = PBXFileReference; includeInIndex = 1; lastKnownFileType = text.xcconfig; name = "Pods-Swift5WelfareInfoApp02Tests.debug.xcconfig"; path = "Target Support Files/Pods-Swift5WelfareInfoApp02Tests/Pods-Swift5WelfareInfoApp02Tests.debug.xcconfig"; sourceTree = "<group>"; };
		C1A94B85CFB99438578014AD /* Pods-Swift5WelfareInfoApp02-Swift5WelfareInfoApp02UITests.release.xcconfig */ = {isa = PBXFileReference; includeInIndex = 1; lastKnownFileType = text.xcconfig; name = "Pods-Swift5WelfareInfoApp02-Swift5WelfareInfoApp02UITests.release.xcconfig"; path = "Target Support Files/Pods-Swift5WelfareInfoApp02-Swift5WelfareInfoApp02UITests/Pods-Swift5WelfareInfoApp02-Swift5WelfareInfoApp02UITests.release.xcconfig"; sourceTree = "<group>"; };
		C8754C0F357A7A6AA36C8202 /* Pods-Swift5WelfareInfoApp02.release.xcconfig */ = {isa = PBXFileReference; includeInIndex = 1; lastKnownFileType = text.xcconfig; name = "Pods-Swift5WelfareInfoApp02.release.xcconfig"; path = "Target Support Files/Pods-Swift5WelfareInfoApp02/Pods-Swift5WelfareInfoApp02.release.xcconfig"; sourceTree = "<group>"; };
/* End PBXFileReference section */

/* Begin PBXFrameworksBuildPhase section */
		8D9B804A259B014900DAE9E3 /* Frameworks */ = {
			isa = PBXFrameworksBuildPhase;
			buildActionMask = 2147483647;
			files = (
				CD9EDD16D4EE5A99F251CAE6 /* Pods_Swift5WelfareInfoApp02.framework in Frameworks */,
			);
			runOnlyForDeploymentPostprocessing = 0;
		};
		8D9B8060259B014B00DAE9E3 /* Frameworks */ = {
			isa = PBXFrameworksBuildPhase;
			buildActionMask = 2147483647;
			files = (
				E6980E7516DC36529F834232 /* Pods_Swift5WelfareInfoApp02Tests.framework in Frameworks */,
			);
			runOnlyForDeploymentPostprocessing = 0;
		};
		8D9B806B259B014B00DAE9E3 /* Frameworks */ = {
			isa = PBXFrameworksBuildPhase;
			buildActionMask = 2147483647;
			files = (
				01ABDE5239F806A9B9465BD5 /* Pods_Swift5WelfareInfoApp02_Swift5WelfareInfoApp02UITests.framework in Frameworks */,
			);
			runOnlyForDeploymentPostprocessing = 0;
		};
/* End PBXFrameworksBuildPhase section */

/* Begin PBXGroup section */
		039F01DD85075A6DE07618DA /* Pods */ = {
			isa = PBXGroup;
			children = (
				A888EA8BFF6A9D3E745E4EFC /* Pods-Swift5WelfareInfoApp02.debug.xcconfig */,
				C8754C0F357A7A6AA36C8202 /* Pods-Swift5WelfareInfoApp02.release.xcconfig */,
				0878FD1528506F7AD583F28F /* Pods-Swift5WelfareInfoApp02-Swift5WelfareInfoApp02UITests.debug.xcconfig */,
				C1A94B85CFB99438578014AD /* Pods-Swift5WelfareInfoApp02-Swift5WelfareInfoApp02UITests.release.xcconfig */,
				B976BDE86CCCEBBD231D30C5 /* Pods-Swift5WelfareInfoApp02Tests.debug.xcconfig */,
				8EE1C98840EF0FA3698FE40C /* Pods-Swift5WelfareInfoApp02Tests.release.xcconfig */,
			);
			path = Pods;
			sourceTree = "<group>";
		};
		55D1D71ECFF5240680FF988F /* Frameworks */ = {
			isa = PBXGroup;
			children = (
				A6661E0E9D752C098256DB2B /* Pods_Swift5WelfareInfoApp02.framework */,
				8CFCA2D96BA6A1A89BA75C0E /* Pods_Swift5WelfareInfoApp02_Swift5WelfareInfoApp02UITests.framework */,
				60914C6CF50354CA30CA9D85 /* Pods_Swift5WelfareInfoApp02Tests.framework */,
			);
			name = Frameworks;
			sourceTree = "<group>";
		};
		8D9B8044259B014900DAE9E3 = {
			isa = PBXGroup;
			children = (
				8D9B804F259B014900DAE9E3 /* Swift5WelfareInfoApp02 */,
				8D9B8066259B014B00DAE9E3 /* Swift5WelfareInfoApp02Tests */,
				8D9B8071259B014B00DAE9E3 /* Swift5WelfareInfoApp02UITests */,
				8D9B804E259B014900DAE9E3 /* Products */,
				039F01DD85075A6DE07618DA /* Pods */,
				55D1D71ECFF5240680FF988F /* Frameworks */,
			);
			sourceTree = "<group>";
		};
		8D9B804E259B014900DAE9E3 /* Products */ = {
			isa = PBXGroup;
			children = (
				8D9B804D259B014900DAE9E3 /* Swift5WelfareInfoApp02.app */,
				8D9B8063259B014B00DAE9E3 /* Swift5WelfareInfoApp02Tests.xctest */,
				8D9B806E259B014B00DAE9E3 /* Swift5WelfareInfoApp02UITests.xctest */,
			);
			name = Products;
			sourceTree = "<group>";
		};
		8D9B804F259B014900DAE9E3 /* Swift5WelfareInfoApp02 */ = {
			isa = PBXGroup;
			children = (
				8D9B808E259B02BD00DAE9E3 /* Model */,
				8D9B808D259B02AB00DAE9E3 /* View */,
				8D9B808C259B029A00DAE9E3 /* Controller */,
				8D9B805E259B014B00DAE9E3 /* Info.plist */,
			);
			path = Swift5WelfareInfoApp02;
			sourceTree = "<group>";
		};
		8D9B8066259B014B00DAE9E3 /* Swift5WelfareInfoApp02Tests */ = {
			isa = PBXGroup;
			children = (
				8D9B8067259B014B00DAE9E3 /* Swift5WelfareInfoApp02Tests.swift */,
				8D9B8069259B014B00DAE9E3 /* Info.plist */,
			);
			path = Swift5WelfareInfoApp02Tests;
			sourceTree = "<group>";
		};
		8D9B8071259B014B00DAE9E3 /* Swift5WelfareInfoApp02UITests */ = {
			isa = PBXGroup;
			children = (
				8D9B8072259B014B00DAE9E3 /* Swift5WelfareInfoApp02UITests.swift */,
				8D9B8074259B014B00DAE9E3 /* Info.plist */,
			);
			path = Swift5WelfareInfoApp02UITests;
			sourceTree = "<group>";
		};
		8D9B808C259B029A00DAE9E3 /* Controller */ = {
			isa = PBXGroup;
			children = (
				8D9B8050259B014900DAE9E3 /* AppDelegate.swift */,
				8D9B8052259B014900DAE9E3 /* SceneDelegate.swift */,
				8D9B809A259B057100DAE9E3 /* IntroViewController.swift */,
			);
			path = Controller;
			sourceTree = "<group>";
		};
		8D9B808D259B02AB00DAE9E3 /* View */ = {
			isa = PBXGroup;
			children = (
				8D9B8056259B014900DAE9E3 /* Main.storyboard */,
				8D9B8059259B014B00DAE9E3 /* Assets.xcassets */,
				8D9B805B259B014B00DAE9E3 /* LaunchScreen.storyboard */,
			);
			path = View;
			sourceTree = "<group>";
		};
		8D9B808E259B02BD00DAE9E3 /* Model */ = {
			isa = PBXGroup;
			children = (
				8D9B8092259B034C00DAE9E3 /* NewsItems.swift */,
			);
			path = Model;
			sourceTree = "<group>";
		};
/* End PBXGroup section */

/* Begin PBXNativeTarget section */
		8D9B804C259B014900DAE9E3 /* Swift5WelfareInfoApp02 */ = {
			isa = PBXNativeTarget;
			buildConfigurationList = 8D9B8077259B014B00DAE9E3 /* Build configuration list for PBXNativeTarget "Swift5WelfareInfoApp02" */;
			buildPhases = (
				431973A171974504E67F0428 /* [CP] Check Pods Manifest.lock */,
				8D9B8049259B014900DAE9E3 /* Sources */,
				8D9B804A259B014900DAE9E3 /* Frameworks */,
				8D9B804B259B014900DAE9E3 /* Resources */,
				420F44432BF83813283EE880 /* [CP] Embed Pods Frameworks */,
			);
			buildRules = (
			);
			dependencies = (
			);
			name = Swift5WelfareInfoApp02;
			productName = Swift5WelfareInfoApp02;
			productReference = 8D9B804D259B014900DAE9E3 /* Swift5WelfareInfoApp02.app */;
			productType = "com.apple.product-type.application";
		};
		8D9B8062259B014B00DAE9E3 /* Swift5WelfareInfoApp02Tests */ = {
			isa = PBXNativeTarget;
			buildConfigurationList = 8D9B807A259B014B00DAE9E3 /* Build configuration list for PBXNativeTarget "Swift5WelfareInfoApp02Tests" */;
			buildPhases = (
				B6376E6B44117438D0CAEDEC /* [CP] Check Pods Manifest.lock */,
				8D9B805F259B014B00DAE9E3 /* Sources */,
				8D9B8060259B014B00DAE9E3 /* Frameworks */,
				8D9B8061259B014B00DAE9E3 /* Resources */,
			);
			buildRules = (
			);
			dependencies = (
				8D9B8065259B014B00DAE9E3 /* PBXTargetDependency */,
			);
			name = Swift5WelfareInfoApp02Tests;
			productName = Swift5WelfareInfoApp02Tests;
			productReference = 8D9B8063259B014B00DAE9E3 /* Swift5WelfareInfoApp02Tests.xctest */;
			productType = "com.apple.product-type.bundle.unit-test";
		};
		8D9B806D259B014B00DAE9E3 /* Swift5WelfareInfoApp02UITests */ = {
			isa = PBXNativeTarget;
			buildConfigurationList = 8D9B807D259B014B00DAE9E3 /* Build configuration list for PBXNativeTarget "Swift5WelfareInfoApp02UITests" */;
			buildPhases = (
				EB410E6D9B74757298B64824 /* [CP] Check Pods Manifest.lock */,
				8D9B806A259B014B00DAE9E3 /* Sources */,
				8D9B806B259B014B00DAE9E3 /* Frameworks */,
				8D9B806C259B014B00DAE9E3 /* Resources */,
				8895996D59E4FA33AD52F79E /* [CP] Embed Pods Frameworks */,
			);
			buildRules = (
			);
			dependencies = (
				8D9B8070259B014B00DAE9E3 /* PBXTargetDependency */,
			);
			name = Swift5WelfareInfoApp02UITests;
			productName = Swift5WelfareInfoApp02UITests;
			productReference = 8D9B806E259B014B00DAE9E3 /* Swift5WelfareInfoApp02UITests.xctest */;
			productType = "com.apple.product-type.bundle.ui-testing";
		};
/* End PBXNativeTarget section */

/* Begin PBXProject section */
		8D9B8045259B014900DAE9E3 /* Project object */ = {
			isa = PBXProject;
			attributes = {
				LastSwiftUpdateCheck = 1230;
				LastUpgradeCheck = 1230;
				TargetAttributes = {
					8D9B804C259B014900DAE9E3 = {
						CreatedOnToolsVersion = 12.3;
					};
					8D9B8062259B014B00DAE9E3 = {
						CreatedOnToolsVersion = 12.3;
						TestTargetID = 8D9B804C259B014900DAE9E3;
					};
					8D9B806D259B014B00DAE9E3 = {
						CreatedOnToolsVersion = 12.3;
						TestTargetID = 8D9B804C259B014900DAE9E3;
					};
				};
			};
			buildConfigurationList = 8D9B8048259B014900DAE9E3 /* Build configuration list for PBXProject "Swift5WelfareInfoApp02" */;
			compatibilityVersion = "Xcode 9.3";
			developmentRegion = en;
			hasScannedForEncodings = 0;
			knownRegions = (
				en,
				Base,
			);
			mainGroup = 8D9B8044259B014900DAE9E3;
			productRefGroup = 8D9B804E259B014900DAE9E3 /* Products */;
			projectDirPath = "";
			projectRoot = "";
			targets = (
				8D9B804C259B014900DAE9E3 /* Swift5WelfareInfoApp02 */,
				8D9B8062259B014B00DAE9E3 /* Swift5WelfareInfoApp02Tests */,
				8D9B806D259B014B00DAE9E3 /* Swift5WelfareInfoApp02UITests */,
			);
		};
/* End PBXProject section */

/* Begin PBXResourcesBuildPhase section */
		8D9B804B259B014900DAE9E3 /* Resources */ = {
			isa = PBXResourcesBuildPhase;
			buildActionMask = 2147483647;
			files = (
				8D9B805D259B014B00DAE9E3 /* LaunchScreen.storyboard in Resources */,
				8D9B805A259B014B00DAE9E3 /* Assets.xcassets in Resources */,
				8D9B8058259B014900DAE9E3 /* Main.storyboard in Resources */,
			);
			runOnlyForDeploymentPostprocessing = 0;
		};
		8D9B8061259B014B00DAE9E3 /* Resources */ = {
			isa = PBXResourcesBuildPhase;
			buildActionMask = 2147483647;
			files = (
			);
			runOnlyForDeploymentPostprocessing = 0;
		};
		8D9B806C259B014B00DAE9E3 /* Resources */ = {
			isa = PBXResourcesBuildPhase;
			buildActionMask = 2147483647;
			files = (
			);
			runOnlyForDeploymentPostprocessing = 0;
		};
/* End PBXResourcesBuildPhase section */

/* Begin PBXShellScriptBuildPhase section */
		420F44432BF83813283EE880 /* [CP] Embed Pods Frameworks */ = {
			isa = PBXShellScriptBuildPhase;
			buildActionMask = 2147483647;
			files = (
			);
			inputFileListPaths = (
				"${PODS_ROOT}/Target Support Files/Pods-Swift5WelfareInfoApp02/Pods-Swift5WelfareInfoApp02-frameworks-${CONFIGURATION}-input-files.xcfilelist",
			);
			name = "[CP] Embed Pods Frameworks";
			outputFileListPaths = (
				"${PODS_ROOT}/Target Support Files/Pods-Swift5WelfareInfoApp02/Pods-Swift5WelfareInfoApp02-frameworks-${CONFIGURATION}-output-files.xcfilelist",
			);
			runOnlyForDeploymentPostprocessing = 0;
			shellPath = /bin/sh;
			shellScript = "\"${PODS_ROOT}/Target Support Files/Pods-Swift5WelfareInfoApp02/Pods-Swift5WelfareInfoApp02-frameworks.sh\"\n";
			showEnvVarsInLog = 0;
		};
		431973A171974504E67F0428 /* [CP] Check Pods Manifest.lock */ = {
			isa = PBXShellScriptBuildPhase;
			buildActionMask = 2147483647;
			files = (
			);
			inputFileListPaths = (
			);
			inputPaths = (
				"${PODS_PODFILE_DIR_PATH}/Podfile.lock",
				"${PODS_ROOT}/Manifest.lock",
			);
			name = "[CP] Check Pods Manifest.lock";
			outputFileListPaths = (
			);
			outputPaths = (
				"$(DERIVED_FILE_DIR)/Pods-Swift5WelfareInfoApp02-checkManifestLockResult.txt",
			);
			runOnlyForDeploymentPostprocessing = 0;
			shellPath = /bin/sh;
			shellScript = "diff \"${PODS_PODFILE_DIR_PATH}/Podfile.lock\" \"${PODS_ROOT}/Manifest.lock\" > /dev/null\nif [ $? != 0 ] ; then\n    # print error to STDERR\n    echo \"error: The sandbox is not in sync with the Podfile.lock. Run 'pod install' or update your CocoaPods installation.\" >&2\n    exit 1\nfi\n# This output is used by Xcode 'outputs' to avoid re-running this script phase.\necho \"SUCCESS\" > \"${SCRIPT_OUTPUT_FILE_0}\"\n";
			showEnvVarsInLog = 0;
		};
		8895996D59E4FA33AD52F79E /* [CP] Embed Pods Frameworks */ = {
			isa = PBXShellScriptBuildPhase;
			buildActionMask = 2147483647;
			files = (
			);
			inputFileListPaths = (
				"${PODS_ROOT}/Target Support Files/Pods-Swift5WelfareInfoApp02-Swift5WelfareInfoApp02UITests/Pods-Swift5WelfareInfoApp02-Swift5WelfareInfoApp02UITests-frameworks-${CONFIGURATION}-input-files.xcfilelist",
			);
			name = "[CP] Embed Pods Frameworks";
			outputFileListPaths = (
				"${PODS_ROOT}/Target Support Files/Pods-Swift5WelfareInfoApp02-Swift5WelfareInfoApp02UITests/Pods-Swift5WelfareInfoApp02-Swift5WelfareInfoApp02UITests-frameworks-${CONFIGURATION}-output-files.xcfilelist",
			);
			runOnlyForDeploymentPostprocessing = 0;
			shellPath = /bin/sh;
			shellScript = "\"${PODS_ROOT}/Target Support Files/Pods-Swift5WelfareInfoApp02-Swift5WelfareInfoApp02UITests/Pods-Swift5WelfareInfoApp02-Swift5WelfareInfoApp02UITests-frameworks.sh\"\n";
			showEnvVarsInLog = 0;
		};
		B6376E6B44117438D0CAEDEC /* [CP] Check Pods Manifest.lock */ = {
			isa = PBXShellScriptBuildPhase;
			buildActionMask = 2147483647;
			files = (
			);
			inputFileListPaths = (
			);
			inputPaths = (
				"${PODS_PODFILE_DIR_PATH}/Podfile.lock",
				"${PODS_ROOT}/Manifest.lock",
			);
			name = "[CP] Check Pods Manifest.lock";
			outputFileListPaths = (
			);
			outputPaths = (
				"$(DERIVED_FILE_DIR)/Pods-Swift5WelfareInfoApp02Tests-checkManifestLockResult.txt",
			);
			runOnlyForDeploymentPostprocessing = 0;
			shellPath = /bin/sh;
			shellScript = "diff \"${PODS_PODFILE_DIR_PATH}/Podfile.lock\" \"${PODS_ROOT}/Manifest.lock\" > /dev/null\nif [ $? != 0 ] ; then\n    # print error to STDERR\n    echo \"error: The sandbox is not in sync with the Podfile.lock. Run 'pod install' or update your CocoaPods installation.\" >&2\n    exit 1\nfi\n# This output is used by Xcode 'outputs' to avoid re-running this script phase.\necho \"SUCCESS\" > \"${SCRIPT_OUTPUT_FILE_0}\"\n";
			showEnvVarsInLog = 0;
		};
		EB410E6D9B74757298B64824 /* [CP] Check Pods Manifest.lock */ = {
			isa = PBXShellScriptBuildPhase;
			buildActionMask = 2147483647;
			files = (
			);
			inputFileListPaths = (
			);
			inputPaths = (
				"${PODS_PODFILE_DIR_PATH}/Podfile.lock",
				"${PODS_ROOT}/Manifest.lock",
			);
			name = "[CP] Check Pods Manifest.lock";
			outputFileListPaths = (
			);
			outputPaths = (
				"$(DERIVED_FILE_DIR)/Pods-Swift5WelfareInfoApp02-Swift5WelfareInfoApp02UITests-checkManifestLockResult.txt",
			);
			runOnlyForDeploymentPostprocessing = 0;
			shellPath = /bin/sh;
			shellScript = "diff \"${PODS_PODFILE_DIR_PATH}/Podfile.lock\" \"${PODS_ROOT}/Manifest.lock\" > /dev/null\nif [ $? != 0 ] ; then\n    # print error to STDERR\n    echo \"error: The sandbox is not in sync with the Podfile.lock. Run 'pod install' or update your CocoaPods installation.\" >&2\n    exit 1\nfi\n# This output is used by Xcode 'outputs' to avoid re-running this script phase.\necho \"SUCCESS\" > \"${SCRIPT_OUTPUT_FILE_0}\"\n";
			showEnvVarsInLog = 0;
		};
/* End PBXShellScriptBuildPhase section */

/* Begin PBXSourcesBuildPhase section */
		8D9B8049259B014900DAE9E3 /* Sources */ = {
			isa = PBXSourcesBuildPhase;
			buildActionMask = 2147483647;
			files = (
				8D9B8093259B034C00DAE9E3 /* NewsItems.swift in Sources */,
				8D9B8051259B014900DAE9E3 /* AppDelegate.swift in Sources */,
				8D9B8053259B014900DAE9E3 /* SceneDelegate.swift in Sources */,
				8D9B809B259B057100DAE9E3 /* IntroViewController.swift in Sources */,
			);
			runOnlyForDeploymentPostprocessing = 0;
		};
		8D9B805F259B014B00DAE9E3 /* Sources */ = {
			isa = PBXSourcesBuildPhase;
			buildActionMask = 2147483647;
			files = (
				8D9B8068259B014B00DAE9E3 /* Swift5WelfareInfoApp02Tests.swift in Sources */,
			);
			runOnlyForDeploymentPostprocessing = 0;
		};
		8D9B806A259B014B00DAE9E3 /* Sources */ = {
			isa = PBXSourcesBuildPhase;
			buildActionMask = 2147483647;
			files = (
				8D9B8073259B014B00DAE9E3 /* Swift5WelfareInfoApp02UITests.swift in Sources */,
			);
			runOnlyForDeploymentPostprocessing = 0;
		};
/* End PBXSourcesBuildPhase section */

/* Begin PBXTargetDependency section */
		8D9B8065259B014B00DAE9E3 /* PBXTargetDependency */ = {
			isa = PBXTargetDependency;
			target = 8D9B804C259B014900DAE9E3 /* Swift5WelfareInfoApp02 */;
			targetProxy = 8D9B8064259B014B00DAE9E3 /* PBXContainerItemProxy */;
		};
		8D9B8070259B014B00DAE9E3 /* PBXTargetDependency */ = {
			isa = PBXTargetDependency;
			target = 8D9B804C259B014900DAE9E3 /* Swift5WelfareInfoApp02 */;
			targetProxy = 8D9B806F259B014B00DAE9E3 /* PBXContainerItemProxy */;
		};
/* End PBXTargetDependency section */

/* Begin PBXVariantGroup section */
		8D9B8056259B014900DAE9E3 /* Main.storyboard */ = {
			isa = PBXVariantGroup;
			children = (
				8D9B8057259B014900DAE9E3 /* Base */,
			);
			name = Main.storyboard;
			sourceTree = "<group>";
		};
		8D9B805B259B014B00DAE9E3 /* LaunchScreen.storyboard */ = {
			isa = PBXVariantGroup;
			children = (
				8D9B805C259B014B00DAE9E3 /* Base */,
			);
			name = LaunchScreen.storyboard;
			sourceTree = "<group>";
		};
/* End PBXVariantGroup section */

/* Begin XCBuildConfiguration section */
		8D9B8075259B014B00DAE9E3 /* Debug */ = {
			isa = XCBuildConfiguration;
			buildSettings = {
				ALWAYS_SEARCH_USER_PATHS = NO;
				CLANG_ANALYZER_NONNULL = YES;
				CLANG_ANALYZER_NUMBER_OBJECT_CONVERSION = YES_AGGRESSIVE;
				CLANG_CXX_LANGUAGE_STANDARD = "gnu++14";
				CLANG_CXX_LIBRARY = "libc++";
				CLANG_ENABLE_MODULES = YES;
				CLANG_ENABLE_OBJC_ARC = YES;
				CLANG_ENABLE_OBJC_WEAK = YES;
				CLANG_WARN_BLOCK_CAPTURE_AUTORELEASING = YES;
				CLANG_WARN_BOOL_CONVERSION = YES;
				CLANG_WARN_COMMA = YES;
				CLANG_WARN_CONSTANT_CONVERSION = YES;
				CLANG_WARN_DEPRECATED_OBJC_IMPLEMENTATIONS = YES;
				CLANG_WARN_DIRECT_OBJC_ISA_USAGE = YES_ERROR;
				CLANG_WARN_DOCUMENTATION_COMMENTS = YES;
				CLANG_WARN_EMPTY_BODY = YES;
				CLANG_WARN_ENUM_CONVERSION = YES;
				CLANG_WARN_INFINITE_RECURSION = YES;
				CLANG_WARN_INT_CONVERSION = YES;
				CLANG_WARN_NON_LITERAL_NULL_CONVERSION = YES;
				CLANG_WARN_OBJC_IMPLICIT_RETAIN_SELF = YES;
				CLANG_WARN_OBJC_LITERAL_CONVERSION = YES;
				CLANG_WARN_OBJC_ROOT_CLASS = YES_ERROR;
				CLANG_WARN_QUOTED_INCLUDE_IN_FRAMEWORK_HEADER = YES;
				CLANG_WARN_RANGE_LOOP_ANALYSIS = YES;
				CLANG_WARN_STRICT_PROTOTYPES = YES;
				CLANG_WARN_SUSPICIOUS_MOVE = YES;
				CLANG_WARN_UNGUARDED_AVAILABILITY = YES_AGGRESSIVE;
				CLANG_WARN_UNREACHABLE_CODE = YES;
				CLANG_WARN__DUPLICATE_METHOD_MATCH = YES;
				COPY_PHASE_STRIP = NO;
				DEBUG_INFORMATION_FORMAT = dwarf;
				ENABLE_STRICT_OBJC_MSGSEND = YES;
				ENABLE_TESTABILITY = YES;
				GCC_C_LANGUAGE_STANDARD = gnu11;
				GCC_DYNAMIC_NO_PIC = NO;
				GCC_NO_COMMON_BLOCKS = YES;
				GCC_OPTIMIZATION_LEVEL = 0;
				GCC_PREPROCESSOR_DEFINITIONS = (
					"DEBUG=1",
					"$(inherited)",
				);
				GCC_WARN_64_TO_32_BIT_CONVERSION = YES;
				GCC_WARN_ABOUT_RETURN_TYPE = YES_ERROR;
				GCC_WARN_UNDECLARED_SELECTOR = YES;
				GCC_WARN_UNINITIALIZED_AUTOS = YES_AGGRESSIVE;
				GCC_WARN_UNUSED_FUNCTION = YES;
				GCC_WARN_UNUSED_VARIABLE = YES;
				IPHONEOS_DEPLOYMENT_TARGET = 14.3;
				MTL_ENABLE_DEBUG_INFO = INCLUDE_SOURCE;
				MTL_FAST_MATH = YES;
				ONLY_ACTIVE_ARCH = YES;
				SDKROOT = iphoneos;
				SWIFT_ACTIVE_COMPILATION_CONDITIONS = DEBUG;
				SWIFT_OPTIMIZATION_LEVEL = "-Onone";
			};
			name = Debug;
		};
		8D9B8076259B014B00DAE9E3 /* Release */ = {
			isa = XCBuildConfiguration;
			buildSettings = {
				ALWAYS_SEARCH_USER_PATHS = NO;
				CLANG_ANALYZER_NONNULL = YES;
				CLANG_ANALYZER_NUMBER_OBJECT_CONVERSION = YES_AGGRESSIVE;
				CLANG_CXX_LANGUAGE_STANDARD = "gnu++14";
				CLANG_CXX_LIBRARY = "libc++";
				CLANG_ENABLE_MODULES = YES;
				CLANG_ENABLE_OBJC_ARC = YES;
				CLANG_ENABLE_OBJC_WEAK = YES;
				CLANG_WARN_BLOCK_CAPTURE_AUTORELEASING = YES;
				CLANG_WARN_BOOL_CONVERSION = YES;
				CLANG_WARN_COMMA = YES;
				CLANG_WARN_CONSTANT_CONVERSION = YES;
				CLANG_WARN_DEPRECATED_OBJC_IMPLEMENTATIONS = YES;
				CLANG_WARN_DIRECT_OBJC_ISA_USAGE = YES_ERROR;
				CLANG_WARN_DOCUMENTATION_COMMENTS = YES;
				CLANG_WARN_EMPTY_BODY = YES;
				CLANG_WARN_ENUM_CONVERSION = YES;
				CLANG_WARN_INFINITE_RECURSION = YES;
				CLANG_WARN_INT_CONVERSION = YES;
				CLANG_WARN_NON_LITERAL_NULL_CONVERSION = YES;
				CLANG_WARN_OBJC_IMPLICIT_RETAIN_SELF = YES;
				CLANG_WARN_OBJC_LITERAL_CONVERSION = YES;
				CLANG_WARN_OBJC_ROOT_CLASS = YES_ERROR;
				CLANG_WARN_QUOTED_INCLUDE_IN_FRAMEWORK_HEADER = YES;
				CLANG_WARN_RANGE_LOOP_ANALYSIS = YES;
				CLANG_WARN_STRICT_PROTOTYPES = YES;
				CLANG_WARN_SUSPICIOUS_MOVE = YES;
				CLANG_WARN_UNGUARDED_AVAILABILITY = YES_AGGRESSIVE;
				CLANG_WARN_UNREACHABLE_CODE = YES;
				CLANG_WARN__DUPLICATE_METHOD_MATCH = YES;
				COPY_PHASE_STRIP = NO;
				DEBUG_INFORMATION_FORMAT = "dwarf-with-dsym";
				ENABLE_NS_ASSERTIONS = NO;
				ENABLE_STRICT_OBJC_MSGSEND = YES;
				GCC_C_LANGUAGE_STANDARD = gnu11;
				GCC_NO_COMMON_BLOCKS = YES;
				GCC_WARN_64_TO_32_BIT_CONVERSION = YES;
				GCC_WARN_ABOUT_RETURN_TYPE = YES_ERROR;
				GCC_WARN_UNDECLARED_SELECTOR = YES;
				GCC_WARN_UNINITIALIZED_AUTOS = YES_AGGRESSIVE;
				GCC_WARN_UNUSED_FUNCTION = YES;
				GCC_WARN_UNUSED_VARIABLE = YES;
				IPHONEOS_DEPLOYMENT_TARGET = 14.3;
				MTL_ENABLE_DEBUG_INFO = NO;
				MTL_FAST_MATH = YES;
				SDKROOT = iphoneos;
				SWIFT_COMPILATION_MODE = wholemodule;
				SWIFT_OPTIMIZATION_LEVEL = "-O";
				VALIDATE_PRODUCT = YES;
			};
			name = Release;
		};
		8D9B8078259B014B00DAE9E3 /* Debug */ = {
			isa = XCBuildConfiguration;
			baseConfigurationReference = A888EA8BFF6A9D3E745E4EFC /* Pods-Swift5WelfareInfoApp02.debug.xcconfig */;
			buildSettings = {
				ASSETCATALOG_COMPILER_APPICON_NAME = AppIcon;
				ASSETCATALOG_COMPILER_GLOBAL_ACCENT_COLOR_NAME = AccentColor;
				CODE_SIGN_STYLE = Automatic;
				DEVELOPMENT_TEAM = XHN5S8Z76G;
				INFOPLIST_FILE = Swift5WelfareInfoApp02/Info.plist;
				LD_RUNPATH_SEARCH_PATHS = (
					"$(inherited)",
					"@executable_path/Frameworks",
				);
				PRODUCT_BUNDLE_IDENTIFIER = com.nifty.cbm01799.Swift5WelfareInfoApp02;
				PRODUCT_NAME = "$(TARGET_NAME)";
				SWIFT_VERSION = 5.0;
				TARGETED_DEVICE_FAMILY = "1,2";
			};
			name = Debug;
		};
		8D9B8079259B014B00DAE9E3 /* Release */ = {
			isa = XCBuildConfiguration;
			baseConfigurationReference = C8754C0F357A7A6AA36C8202 /* Pods-Swift5WelfareInfoApp02.release.xcconfig */;
			buildSettings = {
				ASSETCATALOG_COMPILER_APPICON_NAME = AppIcon;
				ASSETCATALOG_COMPILER_GLOBAL_ACCENT_COLOR_NAME = AccentColor;
				CODE_SIGN_STYLE = Automatic;
				DEVELOPMENT_TEAM = XHN5S8Z76G;
				INFOPLIST_FILE = Swift5WelfareInfoApp02/Info.plist;
				LD_RUNPATH_SEARCH_PATHS = (
					"$(inherited)",
					"@executable_path/Frameworks",
				);
				PRODUCT_BUNDLE_IDENTIFIER = com.nifty.cbm01799.Swift5WelfareInfoApp02;
				PRODUCT_NAME = "$(TARGET_NAME)";
				SWIFT_VERSION = 5.0;
				TARGETED_DEVICE_FAMILY = "1,2";
			};
			name = Release;
		};
		8D9B807B259B014B00DAE9E3 /* Debug */ = {
			isa = XCBuildConfiguration;
			baseConfigurationReference = B976BDE86CCCEBBD231D30C5 /* Pods-Swift5WelfareInfoApp02Tests.debug.xcconfig */;
			buildSettings = {
				ALWAYS_EMBED_SWIFT_STANDARD_LIBRARIES = YES;
				BUNDLE_LOADER = "$(TEST_HOST)";
				CODE_SIGN_STYLE = Automatic;
				DEVELOPMENT_TEAM = XHN5S8Z76G;
				INFOPLIST_FILE = Swift5WelfareInfoApp02Tests/Info.plist;
				IPHONEOS_DEPLOYMENT_TARGET = 14.3;
				LD_RUNPATH_SEARCH_PATHS = (
					"$(inherited)",
					"@executable_path/Frameworks",
					"@loader_path/Frameworks",
				);
				PRODUCT_BUNDLE_IDENTIFIER = com.nifty.cbm01799.Swift5WelfareInfoApp02Tests;
				PRODUCT_NAME = "$(TARGET_NAME)";
				SWIFT_VERSION = 5.0;
				TARGETED_DEVICE_FAMILY = "1,2";
				TEST_HOST = "$(BUILT_PRODUCTS_DIR)/Swift5WelfareInfoApp02.app/Swift5WelfareInfoApp02";
			};
			name = Debug;
		};
		8D9B807C259B014B00DAE9E3 /* Release */ = {
			isa = XCBuildConfiguration;
			baseConfigurationReference = 8EE1C98840EF0FA3698FE40C /* Pods-Swift5WelfareInfoApp02Tests.release.xcconfig */;
			buildSettings = {
				ALWAYS_EMBED_SWIFT_STANDARD_LIBRARIES = YES;
				BUNDLE_LOADER = "$(TEST_HOST)";
				CODE_SIGN_STYLE = Automatic;
				DEVELOPMENT_TEAM = XHN5S8Z76G;
				INFOPLIST_FILE = Swift5WelfareInfoApp02Tests/Info.plist;
				IPHONEOS_DEPLOYMENT_TARGET = 14.3;
				LD_RUNPATH_SEARCH_PATHS = (
					"$(inherited)",
					"@executable_path/Frameworks",
					"@loader_path/Frameworks",
				);
				PRODUCT_BUNDLE_IDENTIFIER = com.nifty.cbm01799.Swift5WelfareInfoApp02Tests;
				PRODUCT_NAME = "$(TARGET_NAME)";
				SWIFT_VERSION = 5.0;
				TARGETED_DEVICE_FAMILY = "1,2";
				TEST_HOST = "$(BUILT_PRODUCTS_DIR)/Swift5WelfareInfoApp02.app/Swift5WelfareInfoApp02";
			};
			name = Release;
		};
		8D9B807E259B014B00DAE9E3 /* Debug */ = {
			isa = XCBuildConfiguration;
			baseConfigurationReference = 0878FD1528506F7AD583F28F /* Pods-Swift5WelfareInfoApp02-Swift5WelfareInfoApp02UITests.debug.xcconfig */;
			buildSettings = {
				ALWAYS_EMBED_SWIFT_STANDARD_LIBRARIES = YES;
				CODE_SIGN_STYLE = Automatic;
				DEVELOPMENT_TEAM = XHN5S8Z76G;
				INFOPLIST_FILE = Swift5WelfareInfoApp02UITests/Info.plist;
				LD_RUNPATH_SEARCH_PATHS = (
					"$(inherited)",
					"@executable_path/Frameworks",
					"@loader_path/Frameworks",
				);
				PRODUCT_BUNDLE_IDENTIFIER = com.nifty.cbm01799.Swift5WelfareInfoApp02UITests;
				PRODUCT_NAME = "$(TARGET_NAME)";
				SWIFT_VERSION = 5.0;
				TARGETED_DEVICE_FAMILY = "1,2";
				TEST_TARGET_NAME = Swift5WelfareInfoApp02;
			};
			name = Debug;
		};
		8D9B807F259B014B00DAE9E3 /* Release */ = {
			isa = XCBuildConfiguration;
			baseConfigurationReference = C1A94B85CFB99438578014AD /* Pods-Swift5WelfareInfoApp02-Swift5WelfareInfoApp02UITests.release.xcconfig */;
			buildSettings = {
				ALWAYS_EMBED_SWIFT_STANDARD_LIBRARIES = YES;
				CODE_SIGN_STYLE = Automatic;
				DEVELOPMENT_TEAM = XHN5S8Z76G;
				INFOPLIST_FILE = Swift5WelfareInfoApp02UITests/Info.plist;
				LD_RUNPATH_SEARCH_PATHS = (
					"$(inherited)",
					"@executable_path/Frameworks",
					"@loader_path/Frameworks",
				);
				PRODUCT_BUNDLE_IDENTIFIER = com.nifty.cbm01799.Swift5WelfareInfoApp02UITests;
				PRODUCT_NAME = "$(TARGET_NAME)";
				SWIFT_VERSION = 5.0;
				TARGETED_DEVICE_FAMILY = "1,2";
				TEST_TARGET_NAME = Swift5WelfareInfoApp02;
			};
			name = Release;
		};
/* End XCBuildConfiguration section */

/* Begin XCConfigurationList section */
		8D9B8048259B014900DAE9E3 /* Build configuration list for PBXProject "Swift5WelfareInfoApp02" */ = {
			isa = XCConfigurationList;
			buildConfigurations = (
				8D9B8075259B014B00DAE9E3 /* Debug */,
				8D9B8076259B014B00DAE9E3 /* Release */,
			);
			defaultConfigurationIsVisible = 0;
			defaultConfigurationName = Release;
		};
		8D9B8077259B014B00DAE9E3 /* Build configuration list for PBXNativeTarget "Swift5WelfareInfoApp02" */ = {
			isa = XCConfigurationList;
			buildConfigurations = (
				8D9B8078259B014B00DAE9E3 /* Debug */,
				8D9B8079259B014B00DAE9E3 /* Release */,
			);
			defaultConfigurationIsVisible = 0;
			defaultConfigurationName = Release;
		};
		8D9B807A259B014B00DAE9E3 /* Build configuration list for PBXNativeTarget "Swift5WelfareInfoApp02Tests" */ = {
			isa = XCConfigurationList;
			buildConfigurations = (
				8D9B807B259B014B00DAE9E3 /* Debug */,
				8D9B807C259B014B00DAE9E3 /* Release */,
			);
			defaultConfigurationIsVisible = 0;
			defaultConfigurationName = Release;
		};
		8D9B807D259B014B00DAE9E3 /* Build configuration list for PBXNativeTarget "Swift5WelfareInfoApp02UITests" */ = {
			isa = XCConfigurationList;
			buildConfigurations = (
				8D9B807E259B014B00DAE9E3 /* Debug */,
				8D9B807F259B014B00DAE9E3 /* Release */,
			);
			defaultConfigurationIsVisible = 0;
			defaultConfigurationName = Release;
		};
/* End XCConfigurationList section */
	};
	rootObject = 8D9B8045259B014900DAE9E3 /* Project object */;
}
